{
  "name": "componentplayground",
  "version": "1.0.0",
  "lockfileVersion": 2,
  "requires": true,
  "packages": {
    "": {
      "name": "componentplayground",
      "version": "1.0.0",
      "license": "MIT",
      "dependencies": {
        "@types/react": "^18.0.11",
        "ittai": "^1.0.4"
      }
    },
    "../../ittai/core": {
      "name": "ittai",
      "version": "1.0.4",
      "dependencies": {
        "@react-spring/types": "^9.4.2",
        "@types/react": "^17.0.38",
        "@types/react-dom": "^17.0.11"
      }
    },
    "../../ittai/core/node_modules/.pnpm/@react-spring+types@9.4.2/node_modules/@react-spring/types": {
      "version": "9.4.2",
      "license": "MIT"
    },
    "../../ittai/core/node_modules/.pnpm/@types+prop-types@15.7.4/node_modules/@types/prop-types": {
      "version": "15.7.4",
      "license": "MIT"
    },
    "../../ittai/core/node_modules/.pnpm/@types+react-dom@17.0.11/node_modules/@types/react-dom": {
      "version": "17.0.11",
      "license": "MIT",
      "dependencies": {
        "@types/react": "*"
      }
    },
    "../../ittai/core/node_modules/.pnpm/@types+react@17.0.38/node_modules/@types/react": {
      "version": "17.0.38",
      "license": "MIT",
      "dependencies": {
        "@types/prop-types": "*",
        "@types/scheduler": "*",
        "csstype": "^3.0.2"
      }
    },
    "../../ittai/core/node_modules/.pnpm/@types+scheduler@0.16.2/node_modules/@types/scheduler": {
      "version": "0.16.2",
      "license": "MIT"
    },
    "../../ittai/core/node_modules/@react-spring/types": {
      "resolved": "../../ittai/core/node_modules/.pnpm/@react-spring+types@9.4.2/node_modules/@react-spring/types",
      "link": true
    },
    "../../ittai/core/node_modules/@types/prop-types": {
      "resolved": "../../ittai/core/node_modules/.pnpm/@types+prop-types@15.7.4/node_modules/@types/prop-types",
      "link": true
    },
    "../../ittai/core/node_modules/@types/react": {
      "resolved": "../../ittai/core/node_modules/.pnpm/@types+react@17.0.38/node_modules/@types/react",
      "link": true
    },
    "../../ittai/core/node_modules/@types/react-dom": {
      "resolved": "../../ittai/core/node_modules/.pnpm/@types+react-dom@17.0.11/node_modules/@types/react-dom",
      "link": true
    },
    "../../ittai/core/node_modules/@types/scheduler": {
      "resolved": "../../ittai/core/node_modules/.pnpm/@types+scheduler@0.16.2/node_modules/@types/scheduler",
      "link": true
    },
    "node_modules/@types/prop-types": {
      "version": "15.7.5",
      "license": "MIT"
    },
    "node_modules/@types/react": {
      "version": "18.0.14",
      "license": "MIT",
      "dependencies": {
        "@types/prop-types": "*",
        "@types/scheduler": "*",
        "csstype": "^3.0.2"
      }
    },
    "node_modules/@types/scheduler": {
      "version": "0.16.2",
      "license": "MIT"
    },
    "node_modules/csstype": {
      "version": "3.1.0",
      "license": "MIT"
    },
    "node_modules/ittai": {
      "resolved": "../../ittai/core",
      "link": true
    }
  },
  "dependencies": {
    "@types/prop-types": {
      "version": "15.7.5"
    },
    "@types/react": {
      "version": "18.0.14",
      "requires": {
        "@types/prop-types": "*",
        "@types/scheduler": "*",
        "csstype": "^3.0.2"
      }
    },
    "@types/scheduler": {
      "version": "0.16.2"
    },
    "csstype": {
      "version": "3.1.0"
    },
    "ittai": {
      "version": "file:../../ittai/core",
      "requires": {
        "@react-spring/types": "^9.4.2",
        "@types/react": "^17.0.38",
        "@types/react-dom": "^17.0.11"
      },
      "dependencies": {
        "@react-spring/types": {
          "version": "file:../../ittai/core/node_modules/.pnpm/@react-spring+types@9.4.2/node_modules/@react-spring/types"
        },
        "@types/prop-types": {
          "version": "file:../../ittai/core/node_modules/.pnpm/@types+prop-types@15.7.4/node_modules/@types/prop-types"
        },
        "@types/react": {
          "version": "file:../../ittai/core/node_modules/.pnpm/@types+react@17.0.38/node_modules/@types/react",
          "requires": {
            "@types/prop-types": "*",
            "@types/scheduler": "*",
            "csstype": "^3.0.2"
          }
        },
        "@types/react-dom": {
          "version": "file:../../ittai/core/node_modules/.pnpm/@types+react-dom@17.0.11/node_modules/@types/react-dom",
          "requires": {
            "@types/react": "*"
          }
        },
        "@types/scheduler": {
          "version": "file:../../ittai/core/node_modules/.pnpm/@types+scheduler@0.16.2/node_modules/@types/scheduler"
        }
      }
    }
  }
}
